
Microsoft Visual Studio Solution File, Format Version 12.00
# Visual Studio Version 17
VisualStudioVersion = 17.0.31903.59
MinimumVisualStudioVersion = 10.0.40219.1
Project("{FAE04EC0-301F-11D3-BF4B-00C04F79EFBC}") = "API", "API\API.csproj", "{42330C2A-27F2-4C5B-A187-35C505F986B6}"
EndProject
Project("{FAE04EC0-301F-11D3-BF4B-00C04F79EFBC}") = "Application", "Application\Application.csproj", "{2DC91819-AE67-4FD6-8885-F6FAEE851BE8}"
EndProject
Project("{FAE04EC0-301F-11D3-BF4B-00C04F79EFBC}") = "Persistence", "Persistence\Persistence.csproj", "{8BFEED34-E0C7-40E1-9AC2-3E4C258E00F4}"
EndProject
Project("{FAE04EC0-301F-11D3-BF4B-00C04F79EFBC}") = "Domain", "Domain\Domain.csproj", "{FB570BF8-B4B6-4D7F-94A4-F8DED4DC1BB6}"
EndProject
Project("{FAE04EC0-301F-11D3-BF4B-00C04F79EFBC}") = "Infrastructure", "Infrastructure\Infrastructure.csproj", "{CB8237A5-274F-432C-A084-94D294DBE486}"
EndProject
Global
	GlobalSection(SolutionConfigurationPlatforms) = preSolution
		Debug|Any CPU = Debug|Any CPU
		Release|Any CPU = Release|Any CPU
	EndGlobalSection
	GlobalSection(SolutionProperties) = preSolution
		HideSolutionNode = FALSE
	EndGlobalSection
	GlobalSection(ProjectConfigurationPlatforms) = postSolution
		{42330C2A-27F2-4C5B-A187-35C505F986B6}.Debug|Any CPU.ActiveCfg = Debug|Any CPU
		{42330C2A-27F2-4C5B-A187-35C505F986B6}.Debug|Any CPU.Build.0 = Debug|Any CPU
		{42330C2A-27F2-4C5B-A187-35C505F986B6}.Release|Any CPU.ActiveCfg = Release|Any CPU
		{42330C2A-27F2-4C5B-A187-35C505F986B6}.Release|Any CPU.Build.0 = Release|Any CPU
		{2DC91819-AE67-4FD6-8885-F6FAEE851BE8}.Debug|Any CPU.ActiveCfg = Debug|Any CPU
		{2DC91819-AE67-4FD6-8885-F6FAEE851BE8}.Debug|Any CPU.Build.0 = Debug|Any CPU
		{2DC91819-AE67-4FD6-8885-F6FAEE851BE8}.Release|Any CPU.ActiveCfg = Release|Any CPU
		{2DC91819-AE67-4FD6-8885-F6FAEE851BE8}.Release|Any CPU.Build.0 = Release|Any CPU
		{8BFEED34-E0C7-40E1-9AC2-3E4C258E00F4}.Debug|Any CPU.ActiveCfg = Debug|Any CPU
		{8BFEED34-E0C7-40E1-9AC2-3E4C258E00F4}.Debug|Any CPU.Build.0 = Debug|Any CPU
		{8BFEED34-E0C7-40E1-9AC2-3E4C258E00F4}.Release|Any CPU.ActiveCfg = Release|Any CPU
		{8BFEED34-E0C7-40E1-9AC2-3E4C258E00F4}.Release|Any CPU.Build.0 = Release|Any CPU
		{FB570BF8-B4B6-4D7F-94A4-F8DED4DC1BB6}.Debug|Any CPU.ActiveCfg = Debug|Any CPU
		{FB570BF8-B4B6-4D7F-94A4-F8DED4DC1BB6}.Debug|Any CPU.Build.0 = Debug|Any CPU
		{FB570BF8-B4B6-4D7F-94A4-F8DED4DC1BB6}.Release|Any CPU.ActiveCfg = Release|Any CPU
		{FB570BF8-B4B6-4D7F-94A4-F8DED4DC1BB6}.Release|Any CPU.Build.0 = Release|Any CPU
		{CB8237A5-274F-432C-A084-94D294DBE486}.Debug|Any CPU.ActiveCfg = Debug|Any CPU
		{CB8237A5-274F-432C-A084-94D294DBE486}.Debug|Any CPU.Build.0 = Debug|Any CPU
		{CB8237A5-274F-432C-A084-94D294DBE486}.Release|Any CPU.ActiveCfg = Release|Any CPU
		{CB8237A5-274F-432C-A084-94D294DBE486}.Release|Any CPU.Build.0 = Release|Any CPU
	EndGlobalSection
EndGlobal
